// !$*UTF8*$!
{
	archiveVersion = 1;
	classes = {
	};
	objectVersion = 56;
	objects = {

/* Begin PBXBuildFile section */
		3A3819222B45A3BA00E8CEC1 /* AppDelegate.swift in Sources */ = {isa = PBXBuildFile; fileRef = 3A3819212B45A3BA00E8CEC1 /* AppDelegate.swift */; };
		3A3819242B45A3BA00E8CEC1 /* SceneDelegate.swift in Sources */ = {isa = PBXBuildFile; fileRef = 3A3819232B45A3BA00E8CEC1 /* SceneDelegate.swift */; };
		3A3819262B45A3BA00E8CEC1 /* ViewController.swift in Sources */ = {isa = PBXBuildFile; fileRef = 3A3819252B45A3BA00E8CEC1 /* ViewController.swift */; };
		3A3819292B45A3BA00E8CEC1 /* Main.storyboard in Resources */ = {isa = PBXBuildFile; fileRef = 3A3819272B45A3BA00E8CEC1 /* Main.storyboard */; };
		3A38192B2B45A3BB00E8CEC1 /* Assets.xcassets in Resources */ = {isa = PBXBuildFile; fileRef = 3A38192A2B45A3BB00E8CEC1 /* Assets.xcassets */; };
		3A38192E2B45A3BB00E8CEC1 /* LaunchScreen.storyboard in Resources */ = {isa = PBXBuildFile; fileRef = 3A38192C2B45A3BB00E8CEC1 /* LaunchScreen.storyboard */; };
		3A3819392B45A3BB00E8CEC1 /* calculatorTests.swift in Sources */ = {isa = PBXBuildFile; fileRef = 3A3819382B45A3BB00E8CEC1 /* calculatorTests.swift */; };
		3A3819432B45A3BB00E8CEC1 /* calculatorUITests.swift in Sources */ = {isa = PBXBuildFile; fileRef = 3A3819422B45A3BB00E8CEC1 /* calculatorUITests.swift */; };
		3A3819452B45A3BB00E8CEC1 /* calculatorUITestsLaunchTests.swift in Sources */ = {isa = PBXBuildFile; fileRef = 3A3819442B45A3BB00E8CEC1 /* calculatorUITestsLaunchTests.swift */; };
/* End PBXBuildFile section */

/* Begin PBXContainerItemProxy section */
		3A3819352B45A3BB00E8CEC1 /* PBXContainerItemProxy */ = {
			isa = PBXContainerItemProxy;
			containerPortal = 3A3819162B45A3BA00E8CEC1 /* Project object */;
			proxyType = 1;
			remoteGlobalIDString = 3A38191D2B45A3BA00E8CEC1;
			remoteInfo = calculator;
		};
		3A38193F2B45A3BB00E8CEC1 /* PBXContainerItemProxy */ = {
			isa = PBXContainerItemProxy;
			containerPortal = 3A3819162B45A3BA00E8CEC1 /* Project object */;
			proxyType = 1;
			remoteGlobalIDString = 3A38191D2B45A3BA00E8CEC1;
			remoteInfo = calculator;
		};
/* End PBXContainerItemProxy section */

/* Begin PBXFileReference section */
		3A38191E2B45A3BA00E8CEC1 /* calculator.app */ = {isa = PBXFileReference; explicitFileType = wrapper.application; includeInIndex = 0; path = calculator.app; sourceTree = BUILT_PRODUCTS_DIR; };
		3A3819212B45A3BA00E8CEC1 /* AppDelegate.swift */ = {isa = PBXFileReference; lastKnownFileType = sourcecode.swift; path = AppDelegate.swift; sourceTree = "<group>"; };
		3A3819232B45A3BA00E8CEC1 /* SceneDelegate.swift */ = {isa = PBXFileReference; lastKnownFileType = sourcecode.swift; path = SceneDelegate.swift; sourceTree = "<group>"; };
		3A3819252B45A3BA00E8CEC1 /* ViewController.swift */ = {isa = PBXFileReference; lastKnownFileType = sourcecode.swift; path = ViewController.swift; sourceTree = "<group>"; };
		3A3819282B45A3BA00E8CEC1 /* Base */ = {isa = PBXFileReference; lastKnownFileType = file.storyboard; name = Base; path = Base.lproj/Main.storyboard; sourceTree = "<group>"; };
		3A38192A2B45A3BB00E8CEC1 /* Assets.xcassets */ = {isa = PBXFileReference; lastKnownFileType = folder.assetcatalog; path = Assets.xcassets; sourceTree = "<group>"; };
		3A38192D2B45A3BB00E8CEC1 /* Base */ = {isa = PBXFileReference; lastKnownFileType = file.storyboard; name = Base; path = Base.lproj/LaunchScreen.storyboard; sourceTree = "<group>"; };
		3A38192F2B45A3BB00E8CEC1 /* Info.plist */ = {isa = PBXFileReference; lastKnownFileType = text.plist.xml; path = Info.plist; sourceTree = "<group>"; };
		3A3819342B45A3BB00E8CEC1 /* calculatorTests.xctest */ = {isa = PBXFileReference; explicitFileType = wrapper.cfbundle; includeInIndex = 0; path = calculatorTests.xctest; sourceTree = BUILT_PRODUCTS_DIR; };
		3A3819382B45A3BB00E8CEC1 /* calculatorTests.swift */ = {isa = PBXFileReference; lastKnownFileType = sourcecode.swift; path = calculatorTests.swift; sourceTree = "<group>"; };
		3A38193E2B45A3BB00E8CEC1 /* calculatorUITests.xctest */ = {isa = PBXFileReference; explicitFileType = wrapper.cfbundle; includeInIndex = 0; path = calculatorUITests.xctest; sourceTree = BUILT_PRODUCTS_DIR; };
		3A3819422B45A3BB00E8CEC1 /* calculatorUITests.swift */ = {isa = PBXFileReference; lastKnownFileType = sourcecode.swift; path = calculatorUITests.swift; sourceTree = "<group>"; };
		3A3819442B45A3BB00E8CEC1 /* calculatorUITestsLaunchTests.swift */ = {isa = PBXFileReference; lastKnownFileType = sourcecode.swift; path = calculatorUITestsLaunchTests.swift; sourceTree = "<group>"; };
/* End PBXFileReference section */

/* Begin PBXFrameworksBuildPhase section */
		3A38191B2B45A3BA00E8CEC1 /* Frameworks */ = {
			isa = PBXFrameworksBuildPhase;
			buildActionMask = 2147483647;
			files = (
			);
			runOnlyForDeploymentPostprocessing = 0;
		};
		3A3819312B45A3BB00E8CEC1 /* Frameworks */ = {
			isa = PBXFrameworksBuildPhase;
			buildActionMask = 2147483647;
			files = (
			);
			runOnlyForDeploymentPostprocessing = 0;
		};
		3A38193B2B45A3BB00E8CEC1 /* Frameworks */ = {
			isa = PBXFrameworksBuildPhase;
			buildActionMask = 2147483647;
			files = (
			);
			runOnlyForDeploymentPostprocessing = 0;
		};
/* End PBXFrameworksBuildPhase section */

/* Begin PBXGroup section */
		3A3819152B45A3BA00E8CEC1 = {
			isa = PBXGroup;
			children = (
				3A3819202B45A3BA00E8CEC1 /* calculator */,
				3A3819372B45A3BB00E8CEC1 /* calculatorTests */,
				3A3819412B45A3BB00E8CEC1 /* calculatorUITests */,
				3A38191F2B45A3BA00E8CEC1 /* Products */,
			);
			sourceTree = "<group>";
		};
		3A38191F2B45A3BA00E8CEC1 /* Products */ = {
			isa = PBXGroup;
			children = (
				3A38191E2B45A3BA00E8CEC1 /* calculator.app */,
				3A3819342B45A3BB00E8CEC1 /* calculatorTests.xctest */,
				3A38193E2B45A3BB00E8CEC1 /* calculatorUITests.xctest */,
			);
			name = Products;
			sourceTree = "<group>";
		};
		3A3819202B45A3BA00E8CEC1 /* calculator */ = {
			isa = PBXGroup;
			children = (
				3A3819212B45A3BA00E8CEC1 /* AppDelegate.swift */,
				3A3819232B45A3BA00E8CEC1 /* SceneDelegate.swift */,
				3A3819252B45A3BA00E8CEC1 /* ViewController.swift */,
				3A3819272B45A3BA00E8CEC1 /* Main.storyboard */,
				3A38192A2B45A3BB00E8CEC1 /* Assets.xcassets */,
				3A38192C2B45A3BB00E8CEC1 /* LaunchScreen.storyboard */,
				3A38192F2B45A3BB00E8CEC1 /* Info.plist */,
			);
			path = calculator;
			sourceTree = "<group>";
		};
		3A3819372B45A3BB00E8CEC1 /* calculatorTests */ = {
			isa = PBXGroup;
			children = (
				3A3819382B45A3BB00E8CEC1 /* calculatorTests.swift */,
			);
			path = calculatorTests;
			sourceTree = "<group>";
		};
		3A3819412B45A3BB00E8CEC1 /* calculatorUITests */ = {
			isa = PBXGroup;
			children = (
				3A3819422B45A3BB00E8CEC1 /* calculatorUITests.swift */,
				3A3819442B45A3BB00E8CEC1 /* calculatorUITestsLaunchTests.swift */,
			);
			path = calculatorUITests;
			sourceTree = "<group>";
		};
/* End PBXGroup section */

/* Begin PBXNativeTarget section */
		3A38191D2B45A3BA00E8CEC1 /* calculator */ = {
			isa = PBXNativeTarget;
			buildConfigurationList = 3A3819482B45A3BB00E8CEC1 /* Build configuration list for PBXNativeTarget "calculator" */;
			buildPhases = (
				3A38191A2B45A3BA00E8CEC1 /* Sources */,
				3A38191B2B45A3BA00E8CEC1 /* Frameworks */,
				3A38191C2B45A3BA00E8CEC1 /* Resources */,
			);
			buildRules = (
			);
			dependencies = (
			);
			name = calculator;
			productName = calculator;
			productReference = 3A38191E2B45A3BA00E8CEC1 /* calculator.app */;
			productType = "com.apple.product-type.application";
		};
		3A3819332B45A3BB00E8CEC1 /* calculatorTests */ = {
			isa = PBXNativeTarget;
			buildConfigurationList = 3A38194B2B45A3BB00E8CEC1 /* Build configuration list for PBXNativeTarget "calculatorTests" */;
			buildPhases = (
				3A3819302B45A3BB00E8CEC1 /* Sources */,
				3A3819312B45A3BB00E8CEC1 /* Frameworks */,
				3A3819322B45A3BB00E8CEC1 /* Resources */,
			);
			buildRules = (
			);
			dependencies = (
				3A3819362B45A3BB00E8CEC1 /* PBXTargetDependency */,
			);
			name = calculatorTests;
			productName = calculatorTests;
			productReference = 3A3819342B45A3BB00E8CEC1 /* calculatorTests.xctest */;
			productType = "com.apple.product-type.bundle.unit-test";
		};
		3A38193D2B45A3BB00E8CEC1 /* calculatorUITests */ = {
			isa = PBXNativeTarget;
			buildConfigurationList = 3A38194E2B45A3BB00E8CEC1 /* Build configuration list for PBXNativeTarget "calculatorUITests" */;
			buildPhases = (
				3A38193A2B45A3BB00E8CEC1 /* Sources */,
				3A38193B2B45A3BB00E8CEC1 /* Frameworks */,
				3A38193C2B45A3BB00E8CEC1 /* Resources */,
			);
			buildRules = (
			);
			dependencies = (
				3A3819402B45A3BB00E8CEC1 /* PBXTargetDependency */,
			);
			name = calculatorUITests;
			productName = calculatorUITests;
			productReference = 3A38193E2B45A3BB00E8CEC1 /* calculatorUITests.xctest */;
			productType = "com.apple.product-type.bundle.ui-testing";
		};
/* End PBXNativeTarget section */

/* Begin PBXProject section */
		3A3819162B45A3BA00E8CEC1 /* Project object */ = {
			isa = PBXProject;
			attributes = {
				BuildIndependentTargetsInParallel = 1;
				LastSwiftUpdateCheck = 1500;
				LastUpgradeCheck = 1500;
				TargetAttributes = {
					3A38191D2B45A3BA00E8CEC1 = {
						CreatedOnToolsVersion = 15.0.1;
					};
					3A3819332B45A3BB00E8CEC1 = {
						CreatedOnToolsVersion = 15.0.1;
						TestTargetID = 3A38191D2B45A3BA00E8CEC1;
					};
					3A38193D2B45A3BB00E8CEC1 = {
						CreatedOnToolsVersion = 15.0.1;
						TestTargetID = 3A38191D2B45A3BA00E8CEC1;
					};
				};
			};
			buildConfigurationList = 3A3819192B45A3BA00E8CEC1 /* Build configuration list for PBXProject "calculator" */;
			compatibilityVersion = "Xcode 14.0";
			developmentRegion = en;
			hasScannedForEncodings = 0;
			knownRegions = (
				en,
				Base,
			);
			mainGroup = 3A3819152B45A3BA00E8CEC1;
			productRefGroup = 3A38191F2B45A3BA00E8CEC1 /* Products */;
			projectDirPath = "";
			projectRoot = "";
			targets = (
				3A38191D2B45A3BA00E8CEC1 /* calculator */,
				3A3819332B45A3BB00E8CEC1 /* calculatorTests */,
				3A38193D2B45A3BB00E8CEC1 /* calculatorUITests */,
			);
		};
/* End PBXProject section */

/* Begin PBXResourcesBuildPhase section */
		3A38191C2B45A3BA00E8CEC1 /* Resources */ = {
			isa = PBXResourcesBuildPhase;
			buildActionMask = 2147483647;
			files = (
				3A38192E2B45A3BB00E8CEC1 /* LaunchScreen.storyboard in Resources */,
				3A38192B2B45A3BB00E8CEC1 /* Assets.xcassets in Resources */,
				3A3819292B45A3BA00E8CEC1 /* Main.storyboard in Resources */,
			);
			runOnlyForDeploymentPostprocessing = 0;
		};
		3A3819322B45A3BB00E8CEC1 /* Resources */ = {
			isa = PBXResourcesBuildPhase;
			buildActionMask = 2147483647;
			files = (
			);
			runOnlyForDeploymentPostprocessing = 0;
		};
		3A38193C2B45A3BB00E8CEC1 /* Resources */ = {
			isa = PBXResourcesBuildPhase;
			buildActionMask = 2147483647;
			files = (
			);
			runOnlyForDeploymentPostprocessing = 0;
		};
/* End PBXResourcesBuildPhase section */

/* Begin PBXSourcesBuildPhase section */
		3A38191A2B45A3BA00E8CEC1 /* Sources */ = {
			isa = PBXSourcesBuildPhase;
			buildActionMask = 2147483647;
			files = (
				3A3819262B45A3BA00E8CEC1 /* ViewController.swift in Sources */,
				3A3819222B45A3BA00E8CEC1 /* AppDelegate.swift in Sources */,
				3A3819242B45A3BA00E8CEC1 /* SceneDelegate.swift in Sources */,
			);
			runOnlyForDeploymentPostprocessing = 0;
		};
		3A3819302B45A3BB00E8CEC1 /* Sources */ = {
			isa = PBXSourcesBuildPhase;
			buildActionMask = 2147483647;
			files = (
				3A3819392B45A3BB00E8CEC1 /* calculatorTests.swift in Sources */,
			);
			runOnlyForDeploymentPostprocessing = 0;
		};
		3A38193A2B45A3BB00E8CEC1 /* Sources */ = {
			isa = PBXSourcesBuildPhase;
			buildActionMask = 2147483647;
			files = (
				3A3819452B45A3BB00E8CEC1 /* calculatorUITestsLaunchTests.swift in Sources */,
				3A3819432B45A3BB00E8CEC1 /* calculatorUITests.swift in Sources */,
			);
			runOnlyForDeploymentPostprocessing = 0;
		};
/* End PBXSourcesBuildPhase section */

/* Begin PBXTargetDependency section */
		3A3819362B45A3BB00E8CEC1 /* PBXTargetDependency */ = {
			isa = PBXTargetDependency;
			target = 3A38191D2B45A3BA00E8CEC1 /* calculator */;
			targetProxy = 3A3819352B45A3BB00E8CEC1 /* PBXContainerItemProxy */;
		};
		3A3819402B45A3BB00E8CEC1 /* PBXTargetDependency */ = {
			isa = PBXTargetDependency;
			target = 3A38191D2B45A3BA00E8CEC1 /* calculator */;
			targetProxy = 3A38193F2B45A3BB00E8CEC1 /* PBXContainerItemProxy */;
		};
/* End PBXTargetDependency section */

/* Begin PBXVariantGroup section */
		3A3819272B45A3BA00E8CEC1 /* Main.storyboard */ = {
			isa = PBXVariantGroup;
			children = (
				3A3819282B45A3BA00E8CEC1 /* Base */,
			);
			name = Main.storyboard;
			sourceTree = "<group>";
		};
		3A38192C2B45A3BB00E8CEC1 /* LaunchScreen.storyboard */ = {
			isa = PBXVariantGroup;
			children = (
				3A38192D2B45A3BB00E8CEC1 /* Base */,
			);
			name = LaunchScreen.storyboard;
			sourceTree = "<group>";
		};
/* End PBXVariantGroup section */

/* Begin XCBuildConfiguration section */
		3A3819462B45A3BB00E8CEC1 /* Debug */ = {
			isa = XCBuildConfiguration;
			buildSettings = {
				ALWAYS_SEARCH_USER_PATHS = NO;
				ASSETCATALOG_COMPILER_GENERATE_SWIFT_ASSET_SYMBOL_EXTENSIONS = YES;
				CLANG_ANALYZER_NONNULL = YES;
				CLANG_ANALYZER_NUMBER_OBJECT_CONVERSION = YES_AGGRESSIVE;
				CLANG_CXX_LANGUAGE_STANDARD = "gnu++20";
				CLANG_ENABLE_MODULES = YES;
				CLANG_ENABLE_OBJC_ARC = YES;
				CLANG_ENABLE_OBJC_WEAK = YES;
				CLANG_WARN_BLOCK_CAPTURE_AUTORELEASING = YES;
				CLANG_WARN_BOOL_CONVERSION = YES;
				CLANG_WARN_COMMA = YES;
				CLANG_WARN_CONSTANT_CONVERSION = YES;
				CLANG_WARN_DEPRECATED_OBJC_IMPLEMENTATIONS = YES;
				CLANG_WARN_DIRECT_OBJC_ISA_USAGE = YES_ERROR;
				CLANG_WARN_DOCUMENTATION_COMMENTS = YES;
				CLANG_WARN_EMPTY_BODY = YES;
				CLANG_WARN_ENUM_CONVERSION = YES;
				CLANG_WARN_INFINITE_RECURSION = YES;
				CLANG_WARN_INT_CONVERSION = YES;
				CLANG_WARN_NON_LITERAL_NULL_CONVERSION = YES;
				CLANG_WARN_OBJC_IMPLICIT_RETAIN_SELF = YES;
				CLANG_WARN_OBJC_LITERAL_CONVERSION = YES;
				CLANG_WARN_OBJC_ROOT_CLASS = YES_ERROR;
				CLANG_WARN_QUOTED_INCLUDE_IN_FRAMEWORK_HEADER = YES;
				CLANG_WARN_RANGE_LOOP_ANALYSIS = YES;
				CLANG_WARN_STRICT_PROTOTYPES = YES;
				CLANG_WARN_SUSPICIOUS_MOVE = YES;
				CLANG_WARN_UNGUARDED_AVAILABILITY = YES_AGGRESSIVE;
				CLANG_WARN_UNREACHABLE_CODE = YES;
				CLANG_WARN__DUPLICATE_METHOD_MATCH = YES;
				COPY_PHASE_STRIP = NO;
				DEBUG_INFORMATION_FORMAT = dwarf;
				ENABLE_STRICT_OBJC_MSGSEND = YES;
				ENABLE_TESTABILITY = YES;
				ENABLE_USER_SCRIPT_SANDBOXING = YES;
				GCC_C_LANGUAGE_STANDARD = gnu17;
				GCC_DYNAMIC_NO_PIC = NO;
				GCC_NO_COMMON_BLOCKS = YES;
				GCC_OPTIMIZATION_LEVEL = 0;
				GCC_PREPROCESSOR_DEFINITIONS = (
					"DEBUG=1",
					"$(inherited)",
				);
				GCC_WARN_64_TO_32_BIT_CONVERSION = YES;
				GCC_WARN_ABOUT_RETURN_TYPE = YES_ERROR;
				GCC_WARN_UNDECLARED_SELECTOR = YES;
				GCC_WARN_UNINITIALIZED_AUTOS = YES_AGGRESSIVE;
				GCC_WARN_UNUSED_FUNCTION = YES;
				GCC_WARN_UNUSED_VARIABLE = YES;
				IPHONEOS_DEPLOYMENT_TARGET = 17.0;
				LOCALIZATION_PREFERS_STRING_CATALOGS = YES;
				MTL_ENABLE_DEBUG_INFO = INCLUDE_SOURCE;
				MTL_FAST_MATH = YES;
				ONLY_ACTIVE_ARCH = YES;
				SDKROOT = iphoneos;
				SWIFT_ACTIVE_COMPILATION_CONDITIONS = "DEBUG $(inherited)";
				SWIFT_OPTIMIZATION_LEVEL = "-Onone";
			};
			name = Debug;
		};
		3A3819472B45A3BB00E8CEC1 /* Release */ = {
			isa = XCBuildConfiguration;
			buildSettings = {
				ALWAYS_SEARCH_USER_PATHS = NO;
				ASSETCATALOG_COMPILER_GENERATE_SWIFT_ASSET_SYMBOL_EXTENSIONS = YES;
				CLANG_ANALYZER_NONNULL = YES;
				CLANG_ANALYZER_NUMBER_OBJECT_CONVERSION = YES_AGGRESSIVE;
				CLANG_CXX_LANGUAGE_STANDARD = "gnu++20";
				CLANG_ENABLE_MODULES = YES;
				CLANG_ENABLE_OBJC_ARC = YES;
				CLANG_ENABLE_OBJC_WEAK = YES;
				CLANG_WARN_BLOCK_CAPTURE_AUTORELEASING = YES;
				CLANG_WARN_BOOL_CONVERSION = YES;
				CLANG_WARN_COMMA = YES;
				CLANG_WARN_CONSTANT_CONVERSION = YES;
				CLANG_WARN_DEPRECATED_OBJC_IMPLEMENTATIONS = YES;
				CLANG_WARN_DIRECT_OBJC_ISA_USAGE = YES_ERROR;
				CLANG_WARN_DOCUMENTATION_COMMENTS = YES;
				CLANG_WARN_EMPTY_BODY = YES;
				CLANG_WARN_ENUM_CONVERSION = YES;
				CLANG_WARN_INFINITE_RECURSION = YES;
				CLANG_WARN_INT_CONVERSION = YES;
				CLANG_WARN_NON_LITERAL_NULL_CONVERSION = YES;
				CLANG_WARN_OBJC_IMPLICIT_RETAIN_SELF = YES;
				CLANG_WARN_OBJC_LITERAL_CONVERSION = YES;
				CLANG_WARN_OBJC_ROOT_CLASS = YES_ERROR;
				CLANG_WARN_QUOTED_INCLUDE_IN_FRAMEWORK_HEADER = YES;
				CLANG_WARN_RANGE_LOOP_ANALYSIS = YES;
				CLANG_WARN_STRICT_PROTOTYPES = YES;
				CLANG_WARN_SUSPICIOUS_MOVE = YES;
				CLANG_WARN_UNGUARDED_AVAILABILITY = YES_AGGRESSIVE;
				CLANG_WARN_UNREACHABLE_CODE = YES;
				CLANG_WARN__DUPLICATE_METHOD_MATCH = YES;
				COPY_PHASE_STRIP = NO;
				DEBUG_INFORMATION_FORMAT = "dwarf-with-dsym";
				ENABLE_NS_ASSERTIONS = NO;
				ENABLE_STRICT_OBJC_MSGSEND = YES;
				ENABLE_USER_SCRIPT_SANDBOXING = YES;
				GCC_C_LANGUAGE_STANDARD = gnu17;
				GCC_NO_COMMON_BLOCKS = YES;
				GCC_WARN_64_TO_32_BIT_CONVERSION = YES;
				GCC_WARN_ABOUT_RETURN_TYPE = YES_ERROR;
				GCC_WARN_UNDECLARED_SELECTOR = YES;
				GCC_WARN_UNINITIALIZED_AUTOS = YES_AGGRESSIVE;
				GCC_WARN_UNUSED_FUNCTION = YES;
				GCC_WARN_UNUSED_VARIABLE = YES;
				IPHONEOS_DEPLOYMENT_TARGET = 17.0;
				LOCALIZATION_PREFERS_STRING_CATALOGS = YES;
				MTL_ENABLE_DEBUG_INFO = NO;
				MTL_FAST_MATH = YES;
				SDKROOT = iphoneos;
				SWIFT_COMPILATION_MODE = wholemodule;
				VALIDATE_PRODUCT = YES;
			};
			name = Release;
		};
		3A3819492B45A3BB00E8CEC1 /* Debug */ = {
			isa = XCBuildConfiguration;
			buildSettings = {
				ASSETCATALOG_COMPILER_APPICON_NAME = AppIcon;
				ASSETCATALOG_COMPILER_GLOBAL_ACCENT_COLOR_NAME = AccentColor;
				CODE_SIGN_STYLE = Automatic;
				CURRENT_PROJECT_VERSION = 1;
				GENERATE_INFOPLIST_FILE = YES;
				INFOPLIST_FILE = calculator/Info.plist;
				INFOPLIST_KEY_UIApplicationSupportsIndirectInputEvents = YES;
				INFOPLIST_KEY_UILaunchStoryboardName = LaunchScreen;
				INFOPLIST_KEY_UIMainStoryboardFile = Main;
				INFOPLIST_KEY_UISupportedInterfaceOrientations_iPad = "UIInterfaceOrientationPortrait UIInterfaceOrientationPortraitUpsideDown UIInterfaceOrientationLandscapeLeft UIInterfaceOrientationLandscapeRight";
				INFOPLIST_KEY_UISupportedInterfaceOrientations_iPhone = "UIInterfaceOrientationPortrait UIInterfaceOrientationLandscapeLeft UIInterfaceOrientationLandscapeRight";
				LD_RUNPATH_SEARCH_PATHS = (
					"$(inherited)",
					"@executable_path/Frameworks",
				);
				MARKETING_VERSION = 1.0;
				PRODUCT_BUNDLE_IDENTIFIER = kz.sorokina.calculator;
				PRODUCT_NAME = "$(TARGET_NAME)";
				SWIFT_EMIT_LOC_STRINGS = YES;
				SWIFT_VERSION = 5.0;
				TARGETED_DEVICE_FAMILY = "1,2";
			};
			name = Debug;
		};
		3A38194A2B45A3BB00E8CEC1 /* Release */ = {
			isa = XCBuildConfiguration;
			buildSettings = {
				ASSETCATALOG_COMPILER_APPICON_NAME = AppIcon;
				ASSETCATALOG_COMPILER_GLOBAL_ACCENT_COLOR_NAME = AccentColor;
				CODE_SIGN_STYLE = Automatic;
				CURRENT_PROJECT_VERSION = 1;
				GENERATE_INFOPLIST_FILE = YES;
				INFOPLIST_FILE = calculator/Info.plist;
				INFOPLIST_KEY_UIApplicationSupportsIndirectInputEvents = YES;
				INFOPLIST_KEY_UILaunchStoryboardName = LaunchScreen;
				INFOPLIST_KEY_UIMainStoryboardFile = Main;
				INFOPLIST_KEY_UISupportedInterfaceOrientations_iPad = "UIInterfaceOrientationPortrait UIInterfaceOrientationPortraitUpsideDown UIInterfaceOrientationLandscapeLeft UIInterfaceOrientationLandscapeRight";
				INFOPLIST_KEY_UISupportedInterfaceOrientations_iPhone = "UIInterfaceOrientationPortrait UIInterfaceOrientationLandscapeLeft UIInterfaceOrientationLandscapeRight";
				LD_RUNPATH_SEARCH_PATHS = (
					"$(inherited)",
					"@executable_path/Frameworks",
				);
				MARKETING_VERSION = 1.0;
				PRODUCT_BUNDLE_IDENTIFIER = kz.sorokina.calculator;
				PRODUCT_NAME = "$(TARGET_NAME)";
				SWIFT_EMIT_LOC_STRINGS = YES;
				SWIFT_VERSION = 5.0;
				TARGETED_DEVICE_FAMILY = "1,2";
			};
			name = Release;
		};
		3A38194C2B45A3BB00E8CEC1 /* Debug */ = {
			isa = XCBuildConfiguration;
			buildSettings = {
				ALWAYS_EMBED_SWIFT_STANDARD_LIBRARIES = YES;
				BUNDLE_LOADER = "$(TEST_HOST)";
				CODE_SIGN_STYLE = Automatic;
				CURRENT_PROJECT_VERSION = 1;
				GENERATE_INFOPLIST_FILE = YES;
				IPHONEOS_DEPLOYMENT_TARGET = 17.0;
				MARKETING_VERSION = 1.0;
				PRODUCT_BUNDLE_IDENTIFIER = kz.sorokina.calculatorTests;
				PRODUCT_NAME = "$(TARGET_NAME)";
				SWIFT_EMIT_LOC_STRINGS = NO;
				SWIFT_VERSION = 5.0;
				TARGETED_DEVICE_FAMILY = "1,2";
				TEST_HOST = "$(BUILT_PRODUCTS_DIR)/calculator.app/$(BUNDLE_EXECUTABLE_FOLDER_PATH)/calculator";
			};
			name = Debug;
		};
		3A38194D2B45A3BB00E8CEC1 /* Release */ = {
			isa = XCBuildConfiguration;
			buildSettings = {
				ALWAYS_EMBED_SWIFT_STANDARD_LIBRARIES = YES;
				BUNDLE_LOADER = "$(TEST_HOST)";
				CODE_SIGN_STYLE = Automatic;
				CURRENT_PROJECT_VERSION = 1;
				GENERATE_INFOPLIST_FILE = YES;
				IPHONEOS_DEPLOYMENT_TARGET = 17.0;
				MARKETING_VERSION = 1.0;
				PRODUCT_BUNDLE_IDENTIFIER = kz.sorokina.calculatorTests;
				PRODUCT_NAME = "$(TARGET_NAME)";
				SWIFT_EMIT_LOC_STRINGS = NO;
				SWIFT_VERSION = 5.0;
				TARGETED_DEVICE_FAMILY = "1,2";
				TEST_HOST = "$(BUILT_PRODUCTS_DIR)/calculator.app/$(BUNDLE_EXECUTABLE_FOLDER_PATH)/calculator";
			};
			name = Release;
		};
		3A38194F2B45A3BB00E8CEC1 /* Debug */ = {
			isa = XCBuildConfiguration;
			buildSettings = {
				ALWAYS_EMBED_SWIFT_STANDARD_LIBRARIES = YES;
				CODE_SIGN_STYLE = Automatic;
				CURRENT_PROJECT_VERSION = 1;
				GENERATE_INFOPLIST_FILE = YES;
				MARKETING_VERSION = 1.0;
				PRODUCT_BUNDLE_IDENTIFIER = kz.sorokina.calculatorUITests;
				PRODUCT_NAME = "$(TARGET_NAME)";
				SWIFT_EMIT_LOC_STRINGS = NO;
				SWIFT_VERSION = 5.0;
				TARGETED_DEVICE_FAMILY = "1,2";
				TEST_TARGET_NAME = calculator;
			};
			name = Debug;
		};
		3A3819502B45A3BB00E8CEC1 /* Release */ = {
			isa = XCBuildConfiguration;
			buildSettings = {
				ALWAYS_EMBED_SWIFT_STANDARD_LIBRARIES = YES;
				CODE_SIGN_STYLE = Automatic;
				CURRENT_PROJECT_VERSION = 1;
				GENERATE_INFOPLIST_FILE = YES;
				MARKETING_VERSION = 1.0;
				PRODUCT_BUNDLE_IDENTIFIER = kz.sorokina.calculatorUITests;
				PRODUCT_NAME = "$(TARGET_NAME)";
				SWIFT_EMIT_LOC_STRINGS = NO;
				SWIFT_VERSION = 5.0;
				TARGETED_DEVICE_FAMILY = "1,2";
				TEST_TARGET_NAME = calculator;
			};
			name = Release;
		};
/* End XCBuildConfiguration section */

/* Begin XCConfigurationList section */
		3A3819192B45A3BA00E8CEC1 /* Build configuration list for PBXProject "calculator" */ = {
			isa = XCConfigurationList;
			buildConfigurations = (
				3A3819462B45A3BB00E8CEC1 /* Debug */,
				3A3819472B45A3BB00E8CEC1 /* Release */,
			);
			defaultConfigurationIsVisible = 0;
			defaultConfigurationName = Release;
		};
		3A3819482B45A3BB00E8CEC1 /* Build configuration list for PBXNativeTarget "calculator" */ = {
			isa = XCConfigurationList;
			buildConfigurations = (
				3A3819492B45A3BB00E8CEC1 /* Debug */,
				3A38194A2B45A3BB00E8CEC1 /* Release */,
			);
			defaultConfigurationIsVisible = 0;
			defaultConfigurationName = Release;
		};
		3A38194B2B45A3BB00E8CEC1 /* Build configuration list for PBXNativeTarget "calculatorTests" */ = {
			isa = XCConfigurationList;
			buildConfigurations = (
				3A38194C2B45A3BB00E8CEC1 /* Debug */,
				3A38194D2B45A3BB00E8CEC1 /* Release */,
			);
			defaultConfigurationIsVisible = 0;
			defaultConfigurationName = Release;
		};
		3A38194E2B45A3BB00E8CEC1 /* Build configuration list for PBXNativeTarget "calculatorUITests" */ = {
			isa = XCConfigurationList;
			buildConfigurations = (
				3A38194F2B45A3BB00E8CEC1 /* Debug */,
				3A3819502B45A3BB00E8CEC1 /* Release */,
			);
			defaultConfigurationIsVisible = 0;
			defaultConfigurationName = Release;
		};
/* End XCConfigurationList section */
	};
	rootObject = 3A3819162B45A3BA00E8CEC1 /* Project object */;
}
